
Microsoft Visual Studio Solution File, Format Version 12.00
# Visual Studio Version 16
VisualStudioVersion = 16.0.30011.22
MinimumVisualStudioVersion = 10.0.40219.1
Project("{888888A0-9F3D-457C-B088-3A5042F75D52}") = "Tien_NguyenHuynhMinh_18110377_baitap2", "Tien_NguyenHuynhMinh_18110377_baitap2.pyproj", "{EADBA8D1-228E-4A31-B5D9-2BB0D37B934D}"
EndProject
Global
	GlobalSection(SolutionConfigurationPlatforms) = preSolution
		Debug|Any CPU = Debug|Any CPU
		Release|Any CPU = Release|Any CPU
	EndGlobalSection
	GlobalSection(ProjectConfigurationPlatforms) = postSolution
		{EADBA8D1-228E-4A31-B5D9-2BB0D37B934D}.Debug|Any CPU.ActiveCfg = Debug|Any CPU
		{EADBA8D1-228E-4A31-B5D9-2BB0D37B934D}.Release|Any CPU.ActiveCfg = Release|Any CPU
	EndGlobalSection
	GlobalSection(SolutionProperties) = preSolution
		HideSolutionNode = FALSE
	EndGlobalSection
	GlobalSection(ExtensibilityGlobals) = postSolution
		SolutionGuid = {BB996D4B-8962-4ABE-8D76-23B5F5482E46}
	EndGlobalSection
EndGlobal
