
Microsoft Visual Studio Solution File, Format Version 12.00
# Visual Studio Version 16
VisualStudioVersion = 16.0.29728.190
MinimumVisualStudioVersion = 10.0.40219.1
Project("{888888A0-9F3D-457C-B088-3A5042F75D52}") = "Tien_NguyenHuynhMinh_18110377_baitap4", "Tien_NguyenHuynhMinh_18110377_baitap4.pyproj", "{35B7D005-5D85-491D-A715-75DE2CCD1694}"
EndProject
Global
	GlobalSection(SolutionConfigurationPlatforms) = preSolution
		Debug|Any CPU = Debug|Any CPU
		Release|Any CPU = Release|Any CPU
	EndGlobalSection
	GlobalSection(ProjectConfigurationPlatforms) = postSolution
		{35B7D005-5D85-491D-A715-75DE2CCD1694}.Debug|Any CPU.ActiveCfg = Debug|Any CPU
		{35B7D005-5D85-491D-A715-75DE2CCD1694}.Release|Any CPU.ActiveCfg = Release|Any CPU
	EndGlobalSection
	GlobalSection(SolutionProperties) = preSolution
		HideSolutionNode = FALSE
	EndGlobalSection
	GlobalSection(ExtensibilityGlobals) = postSolution
		SolutionGuid = {3F465461-D9E3-47FA-9E69-FE8A96D0C860}
	EndGlobalSection
EndGlobal
