
Microsoft Visual Studio Solution File, Format Version 12.00
# Visual Studio Version 16
VisualStudioVersion = 16.0.29728.190
MinimumVisualStudioVersion = 10.0.40219.1
Project("{888888A0-9F3D-457C-B088-3A5042F75D52}") = "Tien_NguyenHuynhMinh_18110377_baitap", "Tien_NguyenHuynhMinh_18110377_baitap.pyproj", "{798D7C28-8B3B-41E2-BEDA-F538CA7AC289}"
EndProject
Global
	GlobalSection(SolutionConfigurationPlatforms) = preSolution
		Debug|Any CPU = Debug|Any CPU
		Release|Any CPU = Release|Any CPU
	EndGlobalSection
	GlobalSection(ProjectConfigurationPlatforms) = postSolution
		{798D7C28-8B3B-41E2-BEDA-F538CA7AC289}.Debug|Any CPU.ActiveCfg = Debug|Any CPU
		{798D7C28-8B3B-41E2-BEDA-F538CA7AC289}.Release|Any CPU.ActiveCfg = Release|Any CPU
	EndGlobalSection
	GlobalSection(SolutionProperties) = preSolution
		HideSolutionNode = FALSE
	EndGlobalSection
	GlobalSection(ExtensibilityGlobals) = postSolution
		SolutionGuid = {53C011A3-E792-4DBD-BACB-E877C8672B78}
	EndGlobalSection
EndGlobal
