
Microsoft Visual Studio Solution File, Format Version 12.00
# Visual Studio Version 16
VisualStudioVersion = 16.0.30011.22
MinimumVisualStudioVersion = 10.0.40219.1
Project("{888888A0-9F3D-457C-B088-3A5042F75D52}") = "Tien_NguyenHuynhMinh_18110377_baitap", "Tien_NguyenHuynhMinh_18110377_baitap.pyproj", "{C841D3E9-0E23-40C6-860A-AF064A1DC117}"
EndProject
Global
	GlobalSection(SolutionConfigurationPlatforms) = preSolution
		Debug|Any CPU = Debug|Any CPU
		Release|Any CPU = Release|Any CPU
	EndGlobalSection
	GlobalSection(ProjectConfigurationPlatforms) = postSolution
		{C841D3E9-0E23-40C6-860A-AF064A1DC117}.Debug|Any CPU.ActiveCfg = Debug|Any CPU
		{C841D3E9-0E23-40C6-860A-AF064A1DC117}.Release|Any CPU.ActiveCfg = Release|Any CPU
	EndGlobalSection
	GlobalSection(SolutionProperties) = preSolution
		HideSolutionNode = FALSE
	EndGlobalSection
	GlobalSection(ExtensibilityGlobals) = postSolution
		SolutionGuid = {E227BBA2-6359-42A2-8AE9-CBDCA10AC0CA}
	EndGlobalSection
EndGlobal
